// !$*UTF8*$!
{
	archiveVersion = 1;
	classes = {
	};
	objectVersion = 56;
	objects = {

/* Begin PBXBuildFile section */
		11E9B52E2CF5E5D5004BC231 /* SMARTHOMEApp.swift in Sources */ = {isa = PBXBuildFile; fileRef = 11E9B52D2CF5E5D5004BC231 /* SMARTHOMEApp.swift */; };
		11E9B5302CF5E5D5004BC231 /* ContentView.swift in Sources */ = {isa = PBXBuildFile; fileRef = 11E9B52F2CF5E5D5004BC231 /* ContentView.swift */; };
		11E9B5322CF5E5D7004BC231 /* Assets.xcassets in Resources */ = {isa = PBXBuildFile; fileRef = 11E9B5312CF5E5D7004BC231 /* Assets.xcassets */; };
		11E9B5362CF5E5D7004BC231 /* Preview Assets.xcassets in Resources */ = {isa = PBXBuildFile; fileRef = 11E9B5352CF5E5D7004BC231 /* Preview Assets.xcassets */; };
		11E9B5402CF5E5D7004BC231 /* SMARTHOMETests.swift in Sources */ = {isa = PBXBuildFile; fileRef = 11E9B53F2CF5E5D7004BC231 /* SMARTHOMETests.swift */; };
		11E9B54A2CF5E5D7004BC231 /* SMARTHOMEUITests.swift in Sources */ = {isa = PBXBuildFile; fileRef = 11E9B5492CF5E5D7004BC231 /* SMARTHOMEUITests.swift */; };
		11E9B54C2CF5E5D7004BC231 /* SMARTHOMEUITestsLaunchTests.swift in Sources */ = {isa = PBXBuildFile; fileRef = 11E9B54B2CF5E5D7004BC231 /* SMARTHOMEUITestsLaunchTests.swift */; };
		11E9B5592CF5E601004BC231 /* SmartHome.swift in Sources */ = {isa = PBXBuildFile; fileRef = 11E9B5582CF5E601004BC231 /* SmartHome.swift */; };
		11E9B55B2CF5E63F004BC231 /* Lighting.swift in Sources */ = {isa = PBXBuildFile; fileRef = 11E9B55A2CF5E63F004BC231 /* Lighting.swift */; };
		11E9B55D2CF5E64C004BC231 /* Audio.swift in Sources */ = {isa = PBXBuildFile; fileRef = 11E9B55C2CF5E64C004BC231 /* Audio.swift */; };
		11E9B55F2CF5E659004BC231 /* Heating.swift in Sources */ = {isa = PBXBuildFile; fileRef = 11E9B55E2CF5E659004BC231 /* Heating.swift */; };
/* End PBXBuildFile section */

/* Begin PBXContainerItemProxy section */
		11E9B53C2CF5E5D7004BC231 /* PBXContainerItemProxy */ = {
			isa = PBXContainerItemProxy;
			containerPortal = 11E9B5222CF5E5D5004BC231 /* Project object */;
			proxyType = 1;
			remoteGlobalIDString = 11E9B5292CF5E5D5004BC231;
			remoteInfo = SMARTHOME;
		};
		11E9B5462CF5E5D7004BC231 /* PBXContainerItemProxy */ = {
			isa = PBXContainerItemProxy;
			containerPortal = 11E9B5222CF5E5D5004BC231 /* Project object */;
			proxyType = 1;
			remoteGlobalIDString = 11E9B5292CF5E5D5004BC231;
			remoteInfo = SMARTHOME;
		};
/* End PBXContainerItemProxy section */

/* Begin PBXFileReference section */
		11E9B52A2CF5E5D5004BC231 /* SMARTHOME.app */ = {isa = PBXFileReference; explicitFileType = wrapper.application; includeInIndex = 0; path = SMARTHOME.app; sourceTree = BUILT_PRODUCTS_DIR; };
		11E9B52D2CF5E5D5004BC231 /* SMARTHOMEApp.swift */ = {isa = PBXFileReference; lastKnownFileType = sourcecode.swift; path = SMARTHOMEApp.swift; sourceTree = "<group>"; };
		11E9B52F2CF5E5D5004BC231 /* ContentView.swift */ = {isa = PBXFileReference; lastKnownFileType = sourcecode.swift; path = ContentView.swift; sourceTree = "<group>"; };
		11E9B5312CF5E5D7004BC231 /* Assets.xcassets */ = {isa = PBXFileReference; lastKnownFileType = folder.assetcatalog; path = Assets.xcassets; sourceTree = "<group>"; };
		11E9B5332CF5E5D7004BC231 /* SMARTHOME.entitlements */ = {isa = PBXFileReference; lastKnownFileType = text.plist.entitlements; path = SMARTHOME.entitlements; sourceTree = "<group>"; };
		11E9B5352CF5E5D7004BC231 /* Preview Assets.xcassets */ = {isa = PBXFileReference; lastKnownFileType = folder.assetcatalog; path = "Preview Assets.xcassets"; sourceTree = "<group>"; };
		11E9B53B2CF5E5D7004BC231 /* SMARTHOMETests.xctest */ = {isa = PBXFileReference; explicitFileType = wrapper.cfbundle; includeInIndex = 0; path = SMARTHOMETests.xctest; sourceTree = BUILT_PRODUCTS_DIR; };
		11E9B53F2CF5E5D7004BC231 /* SMARTHOMETests.swift */ = {isa = PBXFileReference; lastKnownFileType = sourcecode.swift; path = SMARTHOMETests.swift; sourceTree = "<group>"; };
		11E9B5452CF5E5D7004BC231 /* SMARTHOMEUITests.xctest */ = {isa = PBXFileReference; explicitFileType = wrapper.cfbundle; includeInIndex = 0; path = SMARTHOMEUITests.xctest; sourceTree = BUILT_PRODUCTS_DIR; };
		11E9B5492CF5E5D7004BC231 /* SMARTHOMEUITests.swift */ = {isa = PBXFileReference; lastKnownFileType = sourcecode.swift; path = SMARTHOMEUITests.swift; sourceTree = "<group>"; };
		11E9B54B2CF5E5D7004BC231 /* SMARTHOMEUITestsLaunchTests.swift */ = {isa = PBXFileReference; lastKnownFileType = sourcecode.swift; path = SMARTHOMEUITestsLaunchTests.swift; sourceTree = "<group>"; };
		11E9B5582CF5E601004BC231 /* SmartHome.swift */ = {isa = PBXFileReference; lastKnownFileType = sourcecode.swift; path = SmartHome.swift; sourceTree = "<group>"; };
		11E9B55A2CF5E63F004BC231 /* Lighting.swift */ = {isa = PBXFileReference; lastKnownFileType = sourcecode.swift; path = Lighting.swift; sourceTree = "<group>"; };
		11E9B55C2CF5E64C004BC231 /* Audio.swift */ = {isa = PBXFileReference; lastKnownFileType = sourcecode.swift; path = Audio.swift; sourceTree = "<group>"; };
		11E9B55E2CF5E659004BC231 /* Heating.swift */ = {isa = PBXFileReference; lastKnownFileType = sourcecode.swift; path = Heating.swift; sourceTree = "<group>"; };
/* End PBXFileReference section */

/* Begin PBXFrameworksBuildPhase section */
		11E9B5272CF5E5D5004BC231 /* Frameworks */ = {
			isa = PBXFrameworksBuildPhase;
			buildActionMask = 2147483647;
			files = (
			);
			runOnlyForDeploymentPostprocessing = 0;
		};
		11E9B5382CF5E5D7004BC231 /* Frameworks */ = {
			isa = PBXFrameworksBuildPhase;
			buildActionMask = 2147483647;
			files = (
			);
			runOnlyForDeploymentPostprocessing = 0;
		};
		11E9B5422CF5E5D7004BC231 /* Frameworks */ = {
			isa = PBXFrameworksBuildPhase;
			buildActionMask = 2147483647;
			files = (
			);
			runOnlyForDeploymentPostprocessing = 0;
		};
/* End PBXFrameworksBuildPhase section */

/* Begin PBXGroup section */
		11E9B5212CF5E5D5004BC231 = {
			isa = PBXGroup;
			children = (
				11E9B52C2CF5E5D5004BC231 /* SMARTHOME */,
				11E9B53E2CF5E5D7004BC231 /* SMARTHOMETests */,
				11E9B5482CF5E5D7004BC231 /* SMARTHOMEUITests */,
				11E9B52B2CF5E5D5004BC231 /* Products */,
			);
			sourceTree = "<group>";
		};
		11E9B52B2CF5E5D5004BC231 /* Products */ = {
			isa = PBXGroup;
			children = (
				11E9B52A2CF5E5D5004BC231 /* SMARTHOME.app */,
				11E9B53B2CF5E5D7004BC231 /* SMARTHOMETests.xctest */,
				11E9B5452CF5E5D7004BC231 /* SMARTHOMEUITests.xctest */,
			);
			name = Products;
			sourceTree = "<group>";
		};
		11E9B52C2CF5E5D5004BC231 /* SMARTHOME */ = {
			isa = PBXGroup;
			children = (
				11E9B52D2CF5E5D5004BC231 /* SMARTHOMEApp.swift */,
				11E9B52F2CF5E5D5004BC231 /* ContentView.swift */,
				11E9B5582CF5E601004BC231 /* SmartHome.swift */,
				11E9B55A2CF5E63F004BC231 /* Lighting.swift */,
				11E9B55C2CF5E64C004BC231 /* Audio.swift */,
				11E9B55E2CF5E659004BC231 /* Heating.swift */,
				11E9B5312CF5E5D7004BC231 /* Assets.xcassets */,
				11E9B5332CF5E5D7004BC231 /* SMARTHOME.entitlements */,
				11E9B5342CF5E5D7004BC231 /* Preview Content */,
			);
			path = SMARTHOME;
			sourceTree = "<group>";
		};
		11E9B5342CF5E5D7004BC231 /* Preview Content */ = {
			isa = PBXGroup;
			children = (
				11E9B5352CF5E5D7004BC231 /* Preview Assets.xcassets */,
			);
			path = "Preview Content";
			sourceTree = "<group>";
		};
		11E9B53E2CF5E5D7004BC231 /* SMARTHOMETests */ = {
			isa = PBXGroup;
			children = (
				11E9B53F2CF5E5D7004BC231 /* SMARTHOMETests.swift */,
			);
			path = SMARTHOMETests;
			sourceTree = "<group>";
		};
		11E9B5482CF5E5D7004BC231 /* SMARTHOMEUITests */ = {
			isa = PBXGroup;
			children = (
				11E9B5492CF5E5D7004BC231 /* SMARTHOMEUITests.swift */,
				11E9B54B2CF5E5D7004BC231 /* SMARTHOMEUITestsLaunchTests.swift */,
			);
			path = SMARTHOMEUITests;
			sourceTree = "<group>";
		};
/* End PBXGroup section */

/* Begin PBXNativeTarget section */
		11E9B5292CF5E5D5004BC231 /* SMARTHOME */ = {
			isa = PBXNativeTarget;
			buildConfigurationList = 11E9B54F2CF5E5D7004BC231 /* Build configuration list for PBXNativeTarget "SMARTHOME" */;
			buildPhases = (
				11E9B5262CF5E5D5004BC231 /* Sources */,
				11E9B5272CF5E5D5004BC231 /* Frameworks */,
				11E9B5282CF5E5D5004BC231 /* Resources */,
			);
			buildRules = (
			);
			dependencies = (
			);
			name = SMARTHOME;
			productName = SMARTHOME;
			productReference = 11E9B52A2CF5E5D5004BC231 /* SMARTHOME.app */;
			productType = "com.apple.product-type.application";
		};
		11E9B53A2CF5E5D7004BC231 /* SMARTHOMETests */ = {
			isa = PBXNativeTarget;
			buildConfigurationList = 11E9B5522CF5E5D7004BC231 /* Build configuration list for PBXNativeTarget "SMARTHOMETests" */;
			buildPhases = (
				11E9B5372CF5E5D7004BC231 /* Sources */,
				11E9B5382CF5E5D7004BC231 /* Frameworks */,
				11E9B5392CF5E5D7004BC231 /* Resources */,
			);
			buildRules = (
			);
			dependencies = (
				11E9B53D2CF5E5D7004BC231 /* PBXTargetDependency */,
			);
			name = SMARTHOMETests;
			productName = SMARTHOMETests;
			productReference = 11E9B53B2CF5E5D7004BC231 /* SMARTHOMETests.xctest */;
			productType = "com.apple.product-type.bundle.unit-test";
		};
		11E9B5442CF5E5D7004BC231 /* SMARTHOMEUITests */ = {
			isa = PBXNativeTarget;
			buildConfigurationList = 11E9B5552CF5E5D7004BC231 /* Build configuration list for PBXNativeTarget "SMARTHOMEUITests" */;
			buildPhases = (
				11E9B5412CF5E5D7004BC231 /* Sources */,
				11E9B5422CF5E5D7004BC231 /* Frameworks */,
				11E9B5432CF5E5D7004BC231 /* Resources */,
			);
			buildRules = (
			);
			dependencies = (
				11E9B5472CF5E5D7004BC231 /* PBXTargetDependency */,
			);
			name = SMARTHOMEUITests;
			productName = SMARTHOMEUITests;
			productReference = 11E9B5452CF5E5D7004BC231 /* SMARTHOMEUITests.xctest */;
			productType = "com.apple.product-type.bundle.ui-testing";
		};
/* End PBXNativeTarget section */

/* Begin PBXProject section */
		11E9B5222CF5E5D5004BC231 /* Project object */ = {
			isa = PBXProject;
			attributes = {
				BuildIndependentTargetsInParallel = 1;
				LastSwiftUpdateCheck = 1520;
				LastUpgradeCheck = 1520;
				TargetAttributes = {
					11E9B5292CF5E5D5004BC231 = {
						CreatedOnToolsVersion = 15.2;
					};
					11E9B53A2CF5E5D7004BC231 = {
						CreatedOnToolsVersion = 15.2;
						TestTargetID = 11E9B5292CF5E5D5004BC231;
					};
					11E9B5442CF5E5D7004BC231 = {
						CreatedOnToolsVersion = 15.2;
						TestTargetID = 11E9B5292CF5E5D5004BC231;
					};
				};
			};
			buildConfigurationList = 11E9B5252CF5E5D5004BC231 /* Build configuration list for PBXProject "SMARTHOME" */;
			compatibilityVersion = "Xcode 14.0";
			developmentRegion = en;
			hasScannedForEncodings = 0;
			knownRegions = (
				en,
				Base,
			);
			mainGroup = 11E9B5212CF5E5D5004BC231;
			productRefGroup = 11E9B52B2CF5E5D5004BC231 /* Products */;
			projectDirPath = "";
			projectRoot = "";
			targets = (
				11E9B5292CF5E5D5004BC231 /* SMARTHOME */,
				11E9B53A2CF5E5D7004BC231 /* SMARTHOMETests */,
				11E9B5442CF5E5D7004BC231 /* SMARTHOMEUITests */,
			);
		};
/* End PBXProject section */

/* Begin PBXResourcesBuildPhase section */
		11E9B5282CF5E5D5004BC231 /* Resources */ = {
			isa = PBXResourcesBuildPhase;
			buildActionMask = 2147483647;
			files = (
				11E9B5362CF5E5D7004BC231 /* Preview Assets.xcassets in Resources */,
				11E9B5322CF5E5D7004BC231 /* Assets.xcassets in Resources */,
			);
			runOnlyForDeploymentPostprocessing = 0;
		};
		11E9B5392CF5E5D7004BC231 /* Resources */ = {
			isa = PBXResourcesBuildPhase;
			buildActionMask = 2147483647;
			files = (
			);
			runOnlyForDeploymentPostprocessing = 0;
		};
		11E9B5432CF5E5D7004BC231 /* Resources */ = {
			isa = PBXResourcesBuildPhase;
			buildActionMask = 2147483647;
			files = (
			);
			runOnlyForDeploymentPostprocessing = 0;
		};
/* End PBXResourcesBuildPhase section */

/* Begin PBXSourcesBuildPhase section */
		11E9B5262CF5E5D5004BC231 /* Sources */ = {
			isa = PBXSourcesBuildPhase;
			buildActionMask = 2147483647;
			files = (
				11E9B55F2CF5E659004BC231 /* Heating.swift in Sources */,
				11E9B5302CF5E5D5004BC231 /* ContentView.swift in Sources */,
				11E9B5592CF5E601004BC231 /* SmartHome.swift in Sources */,
				11E9B52E2CF5E5D5004BC231 /* SMARTHOMEApp.swift in Sources */,
				11E9B55B2CF5E63F004BC231 /* Lighting.swift in Sources */,
				11E9B55D2CF5E64C004BC231 /* Audio.swift in Sources */,
			);
			runOnlyForDeploymentPostprocessing = 0;
		};
		11E9B5372CF5E5D7004BC231 /* Sources */ = {
			isa = PBXSourcesBuildPhase;
			buildActionMask = 2147483647;
			files = (
				11E9B5402CF5E5D7004BC231 /* SMARTHOMETests.swift in Sources */,
			);
			runOnlyForDeploymentPostprocessing = 0;
		};
		11E9B5412CF5E5D7004BC231 /* Sources */ = {
			isa = PBXSourcesBuildPhase;
			buildActionMask = 2147483647;
			files = (
				11E9B54A2CF5E5D7004BC231 /* SMARTHOMEUITests.swift in Sources */,
				11E9B54C2CF5E5D7004BC231 /* SMARTHOMEUITestsLaunchTests.swift in Sources */,
			);
			runOnlyForDeploymentPostprocessing = 0;
		};
/* End PBXSourcesBuildPhase section */

/* Begin PBXTargetDependency section */
		11E9B53D2CF5E5D7004BC231 /* PBXTargetDependency */ = {
			isa = PBXTargetDependency;
			target = 11E9B5292CF5E5D5004BC231 /* SMARTHOME */;
			targetProxy = 11E9B53C2CF5E5D7004BC231 /* PBXContainerItemProxy */;
		};
		11E9B5472CF5E5D7004BC231 /* PBXTargetDependency */ = {
			isa = PBXTargetDependency;
			target = 11E9B5292CF5E5D5004BC231 /* SMARTHOME */;
			targetProxy = 11E9B5462CF5E5D7004BC231 /* PBXContainerItemProxy */;
		};
/* End PBXTargetDependency section */

/* Begin XCBuildConfiguration section */
		11E9B54D2CF5E5D7004BC231 /* Debug */ = {
			isa = XCBuildConfiguration;
			buildSettings = {
				ALWAYS_SEARCH_USER_PATHS = NO;
				ASSETCATALOG_COMPILER_GENERATE_SWIFT_ASSET_SYMBOL_EXTENSIONS = YES;
				CLANG_ANALYZER_NONNULL = YES;
				CLANG_ANALYZER_NUMBER_OBJECT_CONVERSION = YES_AGGRESSIVE;
				CLANG_CXX_LANGUAGE_STANDARD = "gnu++20";
				CLANG_ENABLE_MODULES = YES;
				CLANG_ENABLE_OBJC_ARC = YES;
				CLANG_ENABLE_OBJC_WEAK = YES;
				CLANG_WARN_BLOCK_CAPTURE_AUTORELEASING = YES;
				CLANG_WARN_BOOL_CONVERSION = YES;
				CLANG_WARN_COMMA = YES;
				CLANG_WARN_CONSTANT_CONVERSION = YES;
				CLANG_WARN_DEPRECATED_OBJC_IMPLEMENTATIONS = YES;
				CLANG_WARN_DIRECT_OBJC_ISA_USAGE = YES_ERROR;
				CLANG_WARN_DOCUMENTATION_COMMENTS = YES;
				CLANG_WARN_EMPTY_BODY = YES;
				CLANG_WARN_ENUM_CONVERSION = YES;
				CLANG_WARN_INFINITE_RECURSION = YES;
				CLANG_WARN_INT_CONVERSION = YES;
				CLANG_WARN_NON_LITERAL_NULL_CONVERSION = YES;
				CLANG_WARN_OBJC_IMPLICIT_RETAIN_SELF = YES;
				CLANG_WARN_OBJC_LITERAL_CONVERSION = YES;
				CLANG_WARN_OBJC_ROOT_CLASS = YES_ERROR;
				CLANG_WARN_QUOTED_INCLUDE_IN_FRAMEWORK_HEADER = YES;
				CLANG_WARN_RANGE_LOOP_ANALYSIS = YES;
				CLANG_WARN_STRICT_PROTOTYPES = YES;
				CLANG_WARN_SUSPICIOUS_MOVE = YES;
				CLANG_WARN_UNGUARDED_AVAILABILITY = YES_AGGRESSIVE;
				CLANG_WARN_UNREACHABLE_CODE = YES;
				CLANG_WARN__DUPLICATE_METHOD_MATCH = YES;
				COPY_PHASE_STRIP = NO;
				DEBUG_INFORMATION_FORMAT = dwarf;
				ENABLE_STRICT_OBJC_MSGSEND = YES;
				ENABLE_TESTABILITY = YES;
				ENABLE_USER_SCRIPT_SANDBOXING = YES;
				GCC_C_LANGUAGE_STANDARD = gnu17;
				GCC_DYNAMIC_NO_PIC = NO;
				GCC_NO_COMMON_BLOCKS = YES;
				GCC_OPTIMIZATION_LEVEL = 0;
				GCC_PREPROCESSOR_DEFINITIONS = (
					"DEBUG=1",
					"$(inherited)",
				);
				GCC_WARN_64_TO_32_BIT_CONVERSION = YES;
				GCC_WARN_ABOUT_RETURN_TYPE = YES_ERROR;
				GCC_WARN_UNDECLARED_SELECTOR = YES;
				GCC_WARN_UNINITIALIZED_AUTOS = YES_AGGRESSIVE;
				GCC_WARN_UNUSED_FUNCTION = YES;
				GCC_WARN_UNUSED_VARIABLE = YES;
				LOCALIZATION_PREFERS_STRING_CATALOGS = YES;
				MTL_ENABLE_DEBUG_INFO = INCLUDE_SOURCE;
				MTL_FAST_MATH = YES;
				ONLY_ACTIVE_ARCH = YES;
				SWIFT_ACTIVE_COMPILATION_CONDITIONS = "DEBUG $(inherited)";
				SWIFT_OPTIMIZATION_LEVEL = "-Onone";
			};
			name = Debug;
		};
		11E9B54E2CF5E5D7004BC231 /* Release */ = {
			isa = XCBuildConfiguration;
			buildSettings = {
				ALWAYS_SEARCH_USER_PATHS = NO;
				ASSETCATALOG_COMPILER_GENERATE_SWIFT_ASSET_SYMBOL_EXTENSIONS = YES;
				CLANG_ANALYZER_NONNULL = YES;
				CLANG_ANALYZER_NUMBER_OBJECT_CONVERSION = YES_AGGRESSIVE;
				CLANG_CXX_LANGUAGE_STANDARD = "gnu++20";
				CLANG_ENABLE_MODULES = YES;
				CLANG_ENABLE_OBJC_ARC = YES;
				CLANG_ENABLE_OBJC_WEAK = YES;
				CLANG_WARN_BLOCK_CAPTURE_AUTORELEASING = YES;
				CLANG_WARN_BOOL_CONVERSION = YES;
				CLANG_WARN_COMMA = YES;
				CLANG_WARN_CONSTANT_CONVERSION = YES;
				CLANG_WARN_DEPRECATED_OBJC_IMPLEMENTATIONS = YES;
				CLANG_WARN_DIRECT_OBJC_ISA_USAGE = YES_ERROR;
				CLANG_WARN_DOCUMENTATION_COMMENTS = YES;
				CLANG_WARN_EMPTY_BODY = YES;
				CLANG_WARN_ENUM_CONVERSION = YES;
				CLANG_WARN_INFINITE_RECURSION = YES;
				CLANG_WARN_INT_CONVERSION = YES;
				CLANG_WARN_NON_LITERAL_NULL_CONVERSION = YES;
				CLANG_WARN_OBJC_IMPLICIT_RETAIN_SELF = YES;
				CLANG_WARN_OBJC_LITERAL_CONVERSION = YES;
				CLANG_WARN_OBJC_ROOT_CLASS = YES_ERROR;
				CLANG_WARN_QUOTED_INCLUDE_IN_FRAMEWORK_HEADER = YES;
				CLANG_WARN_RANGE_LOOP_ANALYSIS = YES;
				CLANG_WARN_STRICT_PROTOTYPES = YES;
				CLANG_WARN_SUSPICIOUS_MOVE = YES;
				CLANG_WARN_UNGUARDED_AVAILABILITY = YES_AGGRESSIVE;
				CLANG_WARN_UNREACHABLE_CODE = YES;
				CLANG_WARN__DUPLICATE_METHOD_MATCH = YES;
				COPY_PHASE_STRIP = NO;
				DEBUG_INFORMATION_FORMAT = "dwarf-with-dsym";
				ENABLE_NS_ASSERTIONS = NO;
				ENABLE_STRICT_OBJC_MSGSEND = YES;
				ENABLE_USER_SCRIPT_SANDBOXING = YES;
				GCC_C_LANGUAGE_STANDARD = gnu17;
				GCC_NO_COMMON_BLOCKS = YES;
				GCC_WARN_64_TO_32_BIT_CONVERSION = YES;
				GCC_WARN_ABOUT_RETURN_TYPE = YES_ERROR;
				GCC_WARN_UNDECLARED_SELECTOR = YES;
				GCC_WARN_UNINITIALIZED_AUTOS = YES_AGGRESSIVE;
				GCC_WARN_UNUSED_FUNCTION = YES;
				GCC_WARN_UNUSED_VARIABLE = YES;
				LOCALIZATION_PREFERS_STRING_CATALOGS = YES;
				MTL_ENABLE_DEBUG_INFO = NO;
				MTL_FAST_MATH = YES;
				SWIFT_COMPILATION_MODE = wholemodule;
			};
			name = Release;
		};
		11E9B5502CF5E5D7004BC231 /* Debug */ = {
			isa = XCBuildConfiguration;
			buildSettings = {
				ASSETCATALOG_COMPILER_APPICON_NAME = AppIcon;
				ASSETCATALOG_COMPILER_GLOBAL_ACCENT_COLOR_NAME = AccentColor;
				CODE_SIGN_ENTITLEMENTS = SMARTHOME/SMARTHOME.entitlements;
				CODE_SIGN_STYLE = Automatic;
				CURRENT_PROJECT_VERSION = 1;
				DEVELOPMENT_ASSET_PATHS = "\"SMARTHOME/Preview Content\"";
				ENABLE_PREVIEWS = YES;
				GENERATE_INFOPLIST_FILE = YES;
				"INFOPLIST_KEY_UIApplicationSceneManifest_Generation[sdk=iphoneos*]" = YES;
				"INFOPLIST_KEY_UIApplicationSceneManifest_Generation[sdk=iphonesimulator*]" = YES;
				"INFOPLIST_KEY_UIApplicationSupportsIndirectInputEvents[sdk=iphoneos*]" = YES;
				"INFOPLIST_KEY_UIApplicationSupportsIndirectInputEvents[sdk=iphonesimulator*]" = YES;
				"INFOPLIST_KEY_UILaunchScreen_Generation[sdk=iphoneos*]" = YES;
				"INFOPLIST_KEY_UILaunchScreen_Generation[sdk=iphonesimulator*]" = YES;
				"INFOPLIST_KEY_UIStatusBarStyle[sdk=iphoneos*]" = UIStatusBarStyleDefault;
				"INFOPLIST_KEY_UIStatusBarStyle[sdk=iphonesimulator*]" = UIStatusBarStyleDefault;
				INFOPLIST_KEY_UISupportedInterfaceOrientations_iPad = "UIInterfaceOrientationPortrait UIInterfaceOrientationPortraitUpsideDown UIInterfaceOrientationLandscapeLeft UIInterfaceOrientationLandscapeRight";
				INFOPLIST_KEY_UISupportedInterfaceOrientations_iPhone = "UIInterfaceOrientationPortrait UIInterfaceOrientationLandscapeLeft UIInterfaceOrientationLandscapeRight";
				IPHONEOS_DEPLOYMENT_TARGET = 17.2;
				LD_RUNPATH_SEARCH_PATHS = "@executable_path/Frameworks";
				"LD_RUNPATH_SEARCH_PATHS[sdk=macosx*]" = "@executable_path/../Frameworks";
				MACOSX_DEPLOYMENT_TARGET = 14.2;
				MARKETING_VERSION = 1.0;
				PRODUCT_BUNDLE_IDENTIFIER = com.AlexWongatron.SMARTHOME;
				PRODUCT_NAME = "$(TARGET_NAME)";
				SDKROOT = auto;
				SUPPORTED_PLATFORMS = "iphoneos iphonesimulator macosx";
				SWIFT_EMIT_LOC_STRINGS = YES;
				SWIFT_VERSION = 5.0;
				TARGETED_DEVICE_FAMILY = "1,2";
			};
			name = Debug;
		};
		11E9B5512CF5E5D7004BC231 /* Release */ = {
			isa = XCBuildConfiguration;
			buildSettings = {
				ASSETCATALOG_COMPILER_APPICON_NAME = AppIcon;
				ASSETCATALOG_COMPILER_GLOBAL_ACCENT_COLOR_NAME = AccentColor;
				CODE_SIGN_ENTITLEMENTS = SMARTHOME/SMARTHOME.entitlements;
				CODE_SIGN_STYLE = Automatic;
				CURRENT_PROJECT_VERSION = 1;
				DEVELOPMENT_ASSET_PATHS = "\"SMARTHOME/Preview Content\"";
				ENABLE_PREVIEWS = YES;
				GENERATE_INFOPLIST_FILE = YES;
				"INFOPLIST_KEY_UIApplicationSceneManifest_Generation[sdk=iphoneos*]" = YES;
				"INFOPLIST_KEY_UIApplicationSceneManifest_Generation[sdk=iphonesimulator*]" = YES;
				"INFOPLIST_KEY_UIApplicationSupportsIndirectInputEvents[sdk=iphoneos*]" = YES;
				"INFOPLIST_KEY_UIApplicationSupportsIndirectInputEvents[sdk=iphonesimulator*]" = YES;
				"INFOPLIST_KEY_UILaunchScreen_Generation[sdk=iphoneos*]" = YES;
				"INFOPLIST_KEY_UILaunchScreen_Generation[sdk=iphonesimulator*]" = YES;
				"INFOPLIST_KEY_UIStatusBarStyle[sdk=iphoneos*]" = UIStatusBarStyleDefault;
				"INFOPLIST_KEY_UIStatusBarStyle[sdk=iphonesimulator*]" = UIStatusBarStyleDefault;
				INFOPLIST_KEY_UISupportedInterfaceOrientations_iPad = "UIInterfaceOrientationPortrait UIInterfaceOrientationPortraitUpsideDown UIInterfaceOrientationLandscapeLeft UIInterfaceOrientationLandscapeRight";
				INFOPLIST_KEY_UISupportedInterfaceOrientations_iPhone = "UIInterfaceOrientationPortrait UIInterfaceOrientationLandscapeLeft UIInterfaceOrientationLandscapeRight";
				IPHONEOS_DEPLOYMENT_TARGET = 17.2;
				LD_RUNPATH_SEARCH_PATHS = "@executable_path/Frameworks";
				"LD_RUNPATH_SEARCH_PATHS[sdk=macosx*]" = "@executable_path/../Frameworks";
				MACOSX_DEPLOYMENT_TARGET = 14.2;
				MARKETING_VERSION = 1.0;
				PRODUCT_BUNDLE_IDENTIFIER = com.AlexWongatron.SMARTHOME;
				PRODUCT_NAME = "$(TARGET_NAME)";
				SDKROOT = auto;
				SUPPORTED_PLATFORMS = "iphoneos iphonesimulator macosx";
				SWIFT_EMIT_LOC_STRINGS = YES;
				SWIFT_VERSION = 5.0;
				TARGETED_DEVICE_FAMILY = "1,2";
			};
			name = Release;
		};
		11E9B5532CF5E5D7004BC231 /* Debug */ = {
			isa = XCBuildConfiguration;
			buildSettings = {
				ALWAYS_EMBED_SWIFT_STANDARD_LIBRARIES = YES;
				BUNDLE_LOADER = "$(TEST_HOST)";
				CODE_SIGN_STYLE = Automatic;
				CURRENT_PROJECT_VERSION = 1;
				GENERATE_INFOPLIST_FILE = YES;
				IPHONEOS_DEPLOYMENT_TARGET = 17.2;
				MACOSX_DEPLOYMENT_TARGET = 14.2;
				MARKETING_VERSION = 1.0;
				PRODUCT_BUNDLE_IDENTIFIER = com.AlexWongatron.SMARTHOMETests;
				PRODUCT_NAME = "$(TARGET_NAME)";
				SDKROOT = auto;
				SUPPORTED_PLATFORMS = "iphoneos iphonesimulator macosx";
				SWIFT_EMIT_LOC_STRINGS = NO;
				SWIFT_VERSION = 5.0;
				TARGETED_DEVICE_FAMILY = "1,2";
				TEST_HOST = "$(BUILT_PRODUCTS_DIR)/SMARTHOME.app/$(BUNDLE_EXECUTABLE_FOLDER_PATH)/SMARTHOME";
			};
			name = Debug;
		};
		11E9B5542CF5E5D7004BC231 /* Release */ = {
			isa = XCBuildConfiguration;
			buildSettings = {
				ALWAYS_EMBED_SWIFT_STANDARD_LIBRARIES = YES;
				BUNDLE_LOADER = "$(TEST_HOST)";
				CODE_SIGN_STYLE = Automatic;
				CURRENT_PROJECT_VERSION = 1;
				GENERATE_INFOPLIST_FILE = YES;
				IPHONEOS_DEPLOYMENT_TARGET = 17.2;
				MACOSX_DEPLOYMENT_TARGET = 14.2;
				MARKETING_VERSION = 1.0;
				PRODUCT_BUNDLE_IDENTIFIER = com.AlexWongatron.SMARTHOMETests;
				PRODUCT_NAME = "$(TARGET_NAME)";
				SDKROOT = auto;
				SUPPORTED_PLATFORMS = "iphoneos iphonesimulator macosx";
				SWIFT_EMIT_LOC_STRINGS = NO;
				SWIFT_VERSION = 5.0;
				TARGETED_DEVICE_FAMILY = "1,2";
				TEST_HOST = "$(BUILT_PRODUCTS_DIR)/SMARTHOME.app/$(BUNDLE_EXECUTABLE_FOLDER_PATH)/SMARTHOME";
			};
			name = Release;
		};
		11E9B5562CF5E5D7004BC231 /* Debug */ = {
			isa = XCBuildConfiguration;
			buildSettings = {
				ALWAYS_EMBED_SWIFT_STANDARD_LIBRARIES = YES;
				CODE_SIGN_STYLE = Automatic;
				CURRENT_PROJECT_VERSION = 1;
				GENERATE_INFOPLIST_FILE = YES;
				IPHONEOS_DEPLOYMENT_TARGET = 17.2;
				MACOSX_DEPLOYMENT_TARGET = 14.2;
				MARKETING_VERSION = 1.0;
				PRODUCT_BUNDLE_IDENTIFIER = com.AlexWongatron.SMARTHOMEUITests;
				PRODUCT_NAME = "$(TARGET_NAME)";
				SDKROOT = auto;
				SUPPORTED_PLATFORMS = "iphoneos iphonesimulator macosx";
				SWIFT_EMIT_LOC_STRINGS = NO;
				SWIFT_VERSION = 5.0;
				TARGETED_DEVICE_FAMILY = "1,2";
				TEST_TARGET_NAME = SMARTHOME;
			};
			name = Debug;
		};
		11E9B5572CF5E5D7004BC231 /* Release */ = {
			isa = XCBuildConfiguration;
			buildSettings = {
				ALWAYS_EMBED_SWIFT_STANDARD_LIBRARIES = YES;
				CODE_SIGN_STYLE = Automatic;
				CURRENT_PROJECT_VERSION = 1;
				GENERATE_INFOPLIST_FILE = YES;
				IPHONEOS_DEPLOYMENT_TARGET = 17.2;
				MACOSX_DEPLOYMENT_TARGET = 14.2;
				MARKETING_VERSION = 1.0;
				PRODUCT_BUNDLE_IDENTIFIER = com.AlexWongatron.SMARTHOMEUITests;
				PRODUCT_NAME = "$(TARGET_NAME)";
				SDKROOT = auto;
				SUPPORTED_PLATFORMS = "iphoneos iphonesimulator macosx";
				SWIFT_EMIT_LOC_STRINGS = NO;
				SWIFT_VERSION = 5.0;
				TARGETED_DEVICE_FAMILY = "1,2";
				TEST_TARGET_NAME = SMARTHOME;
			};
			name = Release;
		};
/* End XCBuildConfiguration section */

/* Begin XCConfigurationList section */
		11E9B5252CF5E5D5004BC231 /* Build configuration list for PBXProject "SMARTHOME" */ = {
			isa = XCConfigurationList;
			buildConfigurations = (
				11E9B54D2CF5E5D7004BC231 /* Debug */,
				11E9B54E2CF5E5D7004BC231 /* Release */,
			);
			defaultConfigurationIsVisible = 0;
			defaultConfigurationName = Release;
		};
		11E9B54F2CF5E5D7004BC231 /* Build configuration list for PBXNativeTarget "SMARTHOME" */ = {
			isa = XCConfigurationList;
			buildConfigurations = (
				11E9B5502CF5E5D7004BC231 /* Debug */,
				11E9B5512CF5E5D7004BC231 /* Release */,
			);
			defaultConfigurationIsVisible = 0;
			defaultConfigurationName = Release;
		};
		11E9B5522CF5E5D7004BC231 /* Build configuration list for PBXNativeTarget "SMARTHOMETests" */ = {
			isa = XCConfigurationList;
			buildConfigurations = (
				11E9B5532CF5E5D7004BC231 /* Debug */,
				11E9B5542CF5E5D7004BC231 /* Release */,
			);
			defaultConfigurationIsVisible = 0;
			defaultConfigurationName = Release;
		};
		11E9B5552CF5E5D7004BC231 /* Build configuration list for PBXNativeTarget "SMARTHOMEUITests" */ = {
			isa = XCConfigurationList;
			buildConfigurations = (
				11E9B5562CF5E5D7004BC231 /* Debug */,
				11E9B5572CF5E5D7004BC231 /* Release */,
			);
			defaultConfigurationIsVisible = 0;
			defaultConfigurationName = Release;
		};
/* End XCConfigurationList section */
	};
	rootObject = 11E9B5222CF5E5D5004BC231 /* Project object */;
}
